
Microsoft Visual Studio Solution File, Format Version 12.00
# Visual Studio Version 17
VisualStudioVersion = 17.4.33110.190
MinimumVisualStudioVersion = 10.0.40219.1
Project("{9A19103F-16F7-4668-BE54-9A1E7A4F7556}") = "JBig2Decoder.NETStandard", "JBig2Decoder.NETStandard.csproj", "{1777ADA5-2037-4B32-A9F7-D9E936C611ED}"
EndProject
Project("{FAE04EC0-301F-11D3-BF4B-00C04F79EFBC}") = "JBig2Decoder.NETStandard.Test", "..\JBig2Decoder.NETStandard.Test\JBig2Decoder.NETStandard.Test.csproj", "{DA0671EB-C829-4A7D-870B-7812D86DBC48}"
EndProject
Global
	GlobalSection(SolutionConfigurationPlatforms) = preSolution
		Debug|Any CPU = Debug|Any CPU
		Release|Any CPU = Release|Any CPU
	EndGlobalSection
	GlobalSection(ProjectConfigurationPlatforms) = postSolution
		{1777ADA5-2037-4B32-A9F7-D9E936C611ED}.Debug|Any CPU.ActiveCfg = Debug|Any CPU
		{1777ADA5-2037-4B32-A9F7-D9E936C611ED}.Debug|Any CPU.Build.0 = Debug|Any CPU
		{1777ADA5-2037-4B32-A9F7-D9E936C611ED}.Release|Any CPU.ActiveCfg = Release|Any CPU
		{1777ADA5-2037-4B32-A9F7-D9E936C611ED}.Release|Any CPU.Build.0 = Release|Any CPU
		{DA0671EB-C829-4A7D-870B-7812D86DBC48}.Debug|Any CPU.ActiveCfg = Debug|Any CPU
		{DA0671EB-C829-4A7D-870B-7812D86DBC48}.Debug|Any CPU.Build.0 = Debug|Any CPU
		{DA0671EB-C829-4A7D-870B-7812D86DBC48}.Release|Any CPU.ActiveCfg = Release|Any CPU
		{DA0671EB-C829-4A7D-870B-7812D86DBC48}.Release|Any CPU.Build.0 = Release|Any CPU
	EndGlobalSection
	GlobalSection(SolutionProperties) = preSolution
		HideSolutionNode = FALSE
	EndGlobalSection
	GlobalSection(ExtensibilityGlobals) = postSolution
		SolutionGuid = {D6AD40E5-9286-421C-90E5-4DB571946B3D}
	EndGlobalSection
EndGlobal
